
Microsoft Visual Studio Solution File, Format Version 12.00
# Visual Studio Version 17
VisualStudioVersion = 17.0.31903.59
MinimumVisualStudioVersion = 10.0.40219.1
Project("{FAE04EC0-301F-11D3-BF4B-00C04F79EFBC}") = "Archer.Script.Tests", "Script.Tests\Archer.Script.Tests.csproj", "{D087C18F-646E-457A-A894-DFDB04A28058}"
EndProject
Project("{F2A71F9B-5D33-465A-A702-920D77279786}") = "Archer.Engine", "Engine\Archer.Engine.fsproj", "{E7E67A9A-3D3F-4767-BED9-55F66FA0A97E}"
EndProject
Project("{F2A71F9B-5D33-465A-A702-920D77279786}") = "Archer.Results", "Results\Archer.Results.fsproj", "{C869D095-C0C0-499E-ADD6-9BA374D507A7}"
EndProject
Project("{F2A71F9B-5D33-465A-A702-920D77279786}") = "Archer.Types", "Types\Archer.Types.fsproj", "{6E43016E-4423-48FA-AD51-25271D7070C8}"
EndProject
Project("{F2A71F9B-5D33-465A-A702-920D77279786}") = "Archer.Bow", "Bow\Archer.Bow.fsproj", "{BE98C67C-1A57-481D-9C0D-881E9FE134D4}"
EndProject
Global
	GlobalSection(SolutionConfigurationPlatforms) = preSolution
		Debug|Any CPU = Debug|Any CPU
		Release|Any CPU = Release|Any CPU
	EndGlobalSection
	GlobalSection(SolutionProperties) = preSolution
		HideSolutionNode = FALSE
	EndGlobalSection
	GlobalSection(ProjectConfigurationPlatforms) = postSolution
		{D087C18F-646E-457A-A894-DFDB04A28058}.Debug|Any CPU.ActiveCfg = Debug|Any CPU
		{D087C18F-646E-457A-A894-DFDB04A28058}.Debug|Any CPU.Build.0 = Debug|Any CPU
		{D087C18F-646E-457A-A894-DFDB04A28058}.Release|Any CPU.ActiveCfg = Release|Any CPU
		{D087C18F-646E-457A-A894-DFDB04A28058}.Release|Any CPU.Build.0 = Release|Any CPU
		{E7E67A9A-3D3F-4767-BED9-55F66FA0A97E}.Debug|Any CPU.ActiveCfg = Debug|Any CPU
		{E7E67A9A-3D3F-4767-BED9-55F66FA0A97E}.Debug|Any CPU.Build.0 = Debug|Any CPU
		{E7E67A9A-3D3F-4767-BED9-55F66FA0A97E}.Release|Any CPU.ActiveCfg = Release|Any CPU
		{E7E67A9A-3D3F-4767-BED9-55F66FA0A97E}.Release|Any CPU.Build.0 = Release|Any CPU
		{C869D095-C0C0-499E-ADD6-9BA374D507A7}.Debug|Any CPU.ActiveCfg = Debug|Any CPU
		{C869D095-C0C0-499E-ADD6-9BA374D507A7}.Debug|Any CPU.Build.0 = Debug|Any CPU
		{C869D095-C0C0-499E-ADD6-9BA374D507A7}.Release|Any CPU.ActiveCfg = Release|Any CPU
		{C869D095-C0C0-499E-ADD6-9BA374D507A7}.Release|Any CPU.Build.0 = Release|Any CPU
		{6E43016E-4423-48FA-AD51-25271D7070C8}.Debug|Any CPU.ActiveCfg = Debug|Any CPU
		{6E43016E-4423-48FA-AD51-25271D7070C8}.Debug|Any CPU.Build.0 = Debug|Any CPU
		{6E43016E-4423-48FA-AD51-25271D7070C8}.Release|Any CPU.ActiveCfg = Release|Any CPU
		{6E43016E-4423-48FA-AD51-25271D7070C8}.Release|Any CPU.Build.0 = Release|Any CPU
		{1C1588BC-0ADA-4F0A-9FA3-8012E1D97F2D}.Debug|Any CPU.ActiveCfg = Debug|Any CPU
		{1C1588BC-0ADA-4F0A-9FA3-8012E1D97F2D}.Debug|Any CPU.Build.0 = Debug|Any CPU
		{1C1588BC-0ADA-4F0A-9FA3-8012E1D97F2D}.Release|Any CPU.ActiveCfg = Release|Any CPU
		{1C1588BC-0ADA-4F0A-9FA3-8012E1D97F2D}.Release|Any CPU.Build.0 = Release|Any CPU
		{BE98C67C-1A57-481D-9C0D-881E9FE134D4}.Debug|Any CPU.ActiveCfg = Debug|Any CPU
		{BE98C67C-1A57-481D-9C0D-881E9FE134D4}.Debug|Any CPU.Build.0 = Debug|Any CPU
		{BE98C67C-1A57-481D-9C0D-881E9FE134D4}.Release|Any CPU.ActiveCfg = Release|Any CPU
		{BE98C67C-1A57-481D-9C0D-881E9FE134D4}.Release|Any CPU.Build.0 = Release|Any CPU
	EndGlobalSection
EndGlobal
